// !$*UTF8*$!
{
	archiveVersion = 1;
	classes = {
	};
	objectVersion = 46;
	objects = {

/* Begin PBXBuildFile section */
		00075C6F1C85C34200D57E5F /* main.m in Sources */ = {isa = PBXBuildFile; fileRef = 00075C6E1C85C34200D57E5F /* main.m */; };
		00075C721C85C34200D57E5F /* AppDelegate.m in Sources */ = {isa = PBXBuildFile; fileRef = 00075C711C85C34200D57E5F /* AppDelegate.m */; };
		00075C751C85C34200D57E5F /* ViewController.m in Sources */ = {isa = PBXBuildFile; fileRef = 00075C741C85C34200D57E5F /* ViewController.m */; };
		00075C781C85C34200D57E5F /* Main.storyboard in Resources */ = {isa = PBXBuildFile; fileRef = 00075C761C85C34200D57E5F /* Main.storyboard */; };
		00075C7A1C85C34200D57E5F /* Assets.xcassets in Resources */ = {isa = PBXBuildFile; fileRef = 00075C791C85C34200D57E5F /* Assets.xcassets */; };
		00075C7D1C85C34200D57E5F /* LaunchScreen.storyboard in Resources */ = {isa = PBXBuildFile; fileRef = 00075C7B1C85C34200D57E5F /* LaunchScreen.storyboard */; };
		00075C881C85C34200D57E5F /* SourceKitSampleTests.m in Sources */ = {isa = PBXBuildFile; fileRef = 00075C871C85C34200D57E5F /* SourceKitSampleTests.m */; };
		00075C931C85C34300D57E5F /* SourceKitSampleUITests.m in Sources */ = {isa = PBXBuildFile; fileRef = 00075C921C85C34300D57E5F /* SourceKitSampleUITests.m */; };
		0025F9B91EA6232700651A52 /* CoreTelephony.framework in Frameworks */ = {isa = PBXBuildFile; fileRef = 0025F9B81EA6232700651A52 /* CoreTelephony.framework */; };
		0052458D1E55C72F009F793B /* CoreLocation.framework in Frameworks */ = {isa = PBXBuildFile; fileRef = 0052458C1E55C72F009F793B /* CoreLocation.framework */; };
		0052458F1E55C745009F793B /* SystemConfiguration.framework in Frameworks */ = {isa = PBXBuildFile; fileRef = 0052458E1E55C745009F793B /* SystemConfiguration.framework */; };
		00D552041E55CEA4006179C1 /* SourceKit.framework in Frameworks */ = {isa = PBXBuildFile; fileRef = 00D552031E55CEA4006179C1 /* SourceKit.framework */; };
/* End PBXBuildFile section */

/* Begin PBXContainerItemProxy section */
		00075C841C85C34200D57E5F /* PBXContainerItemProxy */ = {
			isa = PBXContainerItemProxy;
			containerPortal = 00075C621C85C34200D57E5F /* Project object */;
			proxyType = 1;
			remoteGlobalIDString = 00075C691C85C34200D57E5F;
			remoteInfo = SourceKitSample;
		};
		00075C8F1C85C34200D57E5F /* PBXContainerItemProxy */ = {
			isa = PBXContainerItemProxy;
			containerPortal = 00075C621C85C34200D57E5F /* Project object */;
			proxyType = 1;
			remoteGlobalIDString = 00075C691C85C34200D57E5F;
			remoteInfo = SourceKitSample;
		};
/* End PBXContainerItemProxy section */

/* Begin PBXFileReference section */
		00075C6A1C85C34200D57E5F /* Source Kit.app */ = {isa = PBXFileReference; explicitFileType = wrapper.application; includeInIndex = 0; path = "Source Kit.app"; sourceTree = BUILT_PRODUCTS_DIR; };
		00075C6E1C85C34200D57E5F /* main.m */ = {isa = PBXFileReference; lastKnownFileType = sourcecode.c.objc; path = main.m; sourceTree = "<group>"; };
		00075C701C85C34200D57E5F /* AppDelegate.h */ = {isa = PBXFileReference; lastKnownFileType = sourcecode.c.h; path = AppDelegate.h; sourceTree = "<group>"; };
		00075C711C85C34200D57E5F /* AppDelegate.m */ = {isa = PBXFileReference; lastKnownFileType = sourcecode.c.objc; path = AppDelegate.m; sourceTree = "<group>"; };
		00075C731C85C34200D57E5F /* ViewController.h */ = {isa = PBXFileReference; lastKnownFileType = sourcecode.c.h; path = ViewController.h; sourceTree = "<group>"; };
		00075C741C85C34200D57E5F /* ViewController.m */ = {isa = PBXFileReference; lastKnownFileType = sourcecode.c.objc; path = ViewController.m; sourceTree = "<group>"; };
		00075C771C85C34200D57E5F /* Base */ = {isa = PBXFileReference; lastKnownFileType = file.storyboard; name = Base; path = Base.lproj/Main.storyboard; sourceTree = "<group>"; };
		00075C791C85C34200D57E5F /* Assets.xcassets */ = {isa = PBXFileReference; lastKnownFileType = folder.assetcatalog; path = Assets.xcassets; sourceTree = "<group>"; };
		00075C7C1C85C34200D57E5F /* Base */ = {isa = PBXFileReference; lastKnownFileType = file.storyboard; name = Base; path = Base.lproj/LaunchScreen.storyboard; sourceTree = "<group>"; };
		00075C7E1C85C34200D57E5F /* Info.plist */ = {isa = PBXFileReference; lastKnownFileType = text.plist.xml; path = Info.plist; sourceTree = "<group>"; };
		00075C831C85C34200D57E5F /* SourceKitSampleTests.xctest */ = {isa = PBXFileReference; explicitFileType = wrapper.cfbundle; includeInIndex = 0; path = SourceKitSampleTests.xctest; sourceTree = BUILT_PRODUCTS_DIR; };
		00075C871C85C34200D57E5F /* SourceKitSampleTests.m */ = {isa = PBXFileReference; lastKnownFileType = sourcecode.c.objc; path = SourceKitSampleTests.m; sourceTree = "<group>"; };
		00075C891C85C34200D57E5F /* Info.plist */ = {isa = PBXFileReference; lastKnownFileType = text.plist.xml; path = Info.plist; sourceTree = "<group>"; };
		00075C8E1C85C34200D57E5F /* SourceKitSampleUITests.xctest */ = {isa = PBXFileReference; explicitFileType = wrapper.cfbundle; includeInIndex = 0; path = SourceKitSampleUITests.xctest; sourceTree = BUILT_PRODUCTS_DIR; };
		00075C921C85C34300D57E5F /* SourceKitSampleUITests.m */ = {isa = PBXFileReference; lastKnownFileType = sourcecode.c.objc; path = SourceKitSampleUITests.m; sourceTree = "<group>"; };
		00075C941C85C34300D57E5F /* Info.plist */ = {isa = PBXFileReference; lastKnownFileType = text.plist.xml; path = Info.plist; sourceTree = "<group>"; };
		0025F9B81EA6232700651A52 /* CoreTelephony.framework */ = {isa = PBXFileReference; lastKnownFileType = wrapper.framework; name = CoreTelephony.framework; path = System/Library/Frameworks/CoreTelephony.framework; sourceTree = SDKROOT; };
		0052458C1E55C72F009F793B /* CoreLocation.framework */ = {isa = PBXFileReference; lastKnownFileType = wrapper.framework; name = CoreLocation.framework; path = System/Library/Frameworks/CoreLocation.framework; sourceTree = SDKROOT; };
		0052458E1E55C745009F793B /* SystemConfiguration.framework */ = {isa = PBXFileReference; lastKnownFileType = wrapper.framework; name = SystemConfiguration.framework; path = System/Library/Frameworks/SystemConfiguration.framework; sourceTree = SDKROOT; };
		00D552031E55CEA4006179C1 /* SourceKit.framework */ = {isa = PBXFileReference; lastKnownFileType = wrapper.framework; name = SourceKit.framework; path = ../../../SourceKit/Frameworks/SourceKit.framework; sourceTree = "<group>"; };
/* End PBXFileReference section */

/* Begin PBXFrameworksBuildPhase section */
		00075C671C85C34200D57E5F /* Frameworks */ = {
			isa = PBXFrameworksBuildPhase;
			buildActionMask = 2147483647;
			files = (
				0025F9B91EA6232700651A52 /* CoreTelephony.framework in Frameworks */,
				00D552041E55CEA4006179C1 /* SourceKit.framework in Frameworks */,
				0052458F1E55C745009F793B /* SystemConfiguration.framework in Frameworks */,
				0052458D1E55C72F009F793B /* CoreLocation.framework in Frameworks */,
			);
			runOnlyForDeploymentPostprocessing = 0;
		};
		00075C801C85C34200D57E5F /* Frameworks */ = {
			isa = PBXFrameworksBuildPhase;
			buildActionMask = 2147483647;
			files = (
			);
			runOnlyForDeploymentPostprocessing = 0;
		};
		00075C8B1C85C34200D57E5F /* Frameworks */ = {
			isa = PBXFrameworksBuildPhase;
			buildActionMask = 2147483647;
			files = (
			);
			runOnlyForDeploymentPostprocessing = 0;
		};
/* End PBXFrameworksBuildPhase section */

/* Begin PBXGroup section */
		00075C611C85C34200D57E5F = {
			isa = PBXGroup;
			children = (
				00075C6C1C85C34200D57E5F /* SourceKitSample */,
				00075C861C85C34200D57E5F /* SourceKitSampleTests */,
				00075C911C85C34200D57E5F /* SourceKitSampleUITests */,
				00075C6B1C85C34200D57E5F /* Products */,
			);
			sourceTree = "<group>";
		};
		00075C6B1C85C34200D57E5F /* Products */ = {
			isa = PBXGroup;
			children = (
				00075C6A1C85C34200D57E5F /* Source Kit.app */,
				00075C831C85C34200D57E5F /* SourceKitSampleTests.xctest */,
				00075C8E1C85C34200D57E5F /* SourceKitSampleUITests.xctest */,
			);
			name = Products;
			sourceTree = "<group>";
		};
		00075C6C1C85C34200D57E5F /* SourceKitSample */ = {
			isa = PBXGroup;
			children = (
				0025F9B81EA6232700651A52 /* CoreTelephony.framework */,
				00D552031E55CEA4006179C1 /* SourceKit.framework */,
				0052458E1E55C745009F793B /* SystemConfiguration.framework */,
				0052458C1E55C72F009F793B /* CoreLocation.framework */,
				00075C701C85C34200D57E5F /* AppDelegate.h */,
				00075C711C85C34200D57E5F /* AppDelegate.m */,
				00075C731C85C34200D57E5F /* ViewController.h */,
				00075C741C85C34200D57E5F /* ViewController.m */,
				00075C761C85C34200D57E5F /* Main.storyboard */,
				00075C791C85C34200D57E5F /* Assets.xcassets */,
				00075C7B1C85C34200D57E5F /* LaunchScreen.storyboard */,
				00075C7E1C85C34200D57E5F /* Info.plist */,
				00075C6D1C85C34200D57E5F /* Supporting Files */,
			);
			path = SourceKitSample;
			sourceTree = "<group>";
		};
		00075C6D1C85C34200D57E5F /* Supporting Files */ = {
			isa = PBXGroup;
			children = (
				00075C6E1C85C34200D57E5F /* main.m */,
			);
			name = "Supporting Files";
			sourceTree = "<group>";
		};
		00075C861C85C34200D57E5F /* SourceKitSampleTests */ = {
			isa = PBXGroup;
			children = (
				00075C871C85C34200D57E5F /* SourceKitSampleTests.m */,
				00075C891C85C34200D57E5F /* Info.plist */,
			);
			path = SourceKitSampleTests;
			sourceTree = "<group>";
		};
		00075C911C85C34200D57E5F /* SourceKitSampleUITests */ = {
			isa = PBXGroup;
			children = (
				00075C921C85C34300D57E5F /* SourceKitSampleUITests.m */,
				00075C941C85C34300D57E5F /* Info.plist */,
			);
			path = SourceKitSampleUITests;
			sourceTree = "<group>";
		};
/* End PBXGroup section */

/* Begin PBXNativeTarget section */
		00075C691C85C34200D57E5F /* SourceKitSample */ = {
			isa = PBXNativeTarget;
			buildConfigurationList = 00075C971C85C34300D57E5F /* Build configuration list for PBXNativeTarget "SourceKitSample" */;
			buildPhases = (
				00075C661C85C34200D57E5F /* Sources */,
				00075C671C85C34200D57E5F /* Frameworks */,
				00075C681C85C34200D57E5F /* Resources */,
			);
			buildRules = (
			);
			dependencies = (
			);
			name = SourceKitSample;
			productName = SourceKitSample;
			productReference = 00075C6A1C85C34200D57E5F /* Source Kit.app */;
			productType = "com.apple.product-type.application";
		};
		00075C821C85C34200D57E5F /* SourceKitSampleTests */ = {
			isa = PBXNativeTarget;
			buildConfigurationList = 00075C9A1C85C34300D57E5F /* Build configuration list for PBXNativeTarget "SourceKitSampleTests" */;
			buildPhases = (
				00075C7F1C85C34200D57E5F /* Sources */,
				00075C801C85C34200D57E5F /* Frameworks */,
				00075C811C85C34200D57E5F /* Resources */,
			);
			buildRules = (
			);
			dependencies = (
				00075C851C85C34200D57E5F /* PBXTargetDependency */,
			);
			name = SourceKitSampleTests;
			productName = SourceKitSampleTests;
			productReference = 00075C831C85C34200D57E5F /* SourceKitSampleTests.xctest */;
			productType = "com.apple.product-type.bundle.unit-test";
		};
		00075C8D1C85C34200D57E5F /* SourceKitSampleUITests */ = {
			isa = PBXNativeTarget;
			buildConfigurationList = 00075C9D1C85C34300D57E5F /* Build configuration list for PBXNativeTarget "SourceKitSampleUITests" */;
			buildPhases = (
				00075C8A1C85C34200D57E5F /* Sources */,
				00075C8B1C85C34200D57E5F /* Frameworks */,
				00075C8C1C85C34200D57E5F /* Resources */,
			);
			buildRules = (
			);
			dependencies = (
				00075C901C85C34200D57E5F /* PBXTargetDependency */,
			);
			name = SourceKitSampleUITests;
			productName = SourceKitSampleUITests;
			productReference = 00075C8E1C85C34200D57E5F /* SourceKitSampleUITests.xctest */;
			productType = "com.apple.product-type.bundle.ui-testing";
		};
/* End PBXNativeTarget section */

/* Begin PBXProject section */
		00075C621C85C34200D57E5F /* Project object */ = {
			isa = PBXProject;
			attributes = {
				LastUpgradeCheck = 0720;
				ORGANIZATIONNAME = "Huq Industries";
				TargetAttributes = {
					00075C691C85C34200D57E5F = {
						CreatedOnToolsVersion = 7.2;
					};
					00075C821C85C34200D57E5F = {
						CreatedOnToolsVersion = 7.2;
						TestTargetID = 00075C691C85C34200D57E5F;
					};
					00075C8D1C85C34200D57E5F = {
						CreatedOnToolsVersion = 7.2;
						TestTargetID = 00075C691C85C34200D57E5F;
					};
				};
			};
			buildConfigurationList = 00075C651C85C34200D57E5F /* Build configuration list for PBXProject "SourceKitSample" */;
			compatibilityVersion = "Xcode 3.2";
			developmentRegion = English;
			hasScannedForEncodings = 0;
			knownRegions = (
				en,
				Base,
			);
			mainGroup = 00075C611C85C34200D57E5F;
			productRefGroup = 00075C6B1C85C34200D57E5F /* Products */;
			projectDirPath = "";
			projectRoot = "";
			targets = (
				00075C691C85C34200D57E5F /* SourceKitSample */,
				00075C821C85C34200D57E5F /* SourceKitSampleTests */,
				00075C8D1C85C34200D57E5F /* SourceKitSampleUITests */,
			);
		};
/* End PBXProject section */

/* Begin PBXResourcesBuildPhase section */
		00075C681C85C34200D57E5F /* Resources */ = {
			isa = PBXResourcesBuildPhase;
			buildActionMask = 2147483647;
			files = (
				00075C7D1C85C34200D57E5F /* LaunchScreen.storyboard in Resources */,
				00075C7A1C85C34200D57E5F /* Assets.xcassets in Resources */,
				00075C781C85C34200D57E5F /* Main.storyboard in Resources */,
			);
			runOnlyForDeploymentPostprocessing = 0;
		};
		00075C811C85C34200D57E5F /* Resources */ = {
			isa = PBXResourcesBuildPhase;
			buildActionMask = 2147483647;
			files = (
			);
			runOnlyForDeploymentPostprocessing = 0;
		};
		00075C8C1C85C34200D57E5F /* Resources */ = {
			isa = PBXResourcesBuildPhase;
			buildActionMask = 2147483647;
			files = (
			);
			runOnlyForDeploymentPostprocessing = 0;
		};
/* End PBXResourcesBuildPhase section */

/* Begin PBXSourcesBuildPhase section */
		00075C661C85C34200D57E5F /* Sources */ = {
			isa = PBXSourcesBuildPhase;
			buildActionMask = 2147483647;
			files = (
				00075C751C85C34200D57E5F /* ViewController.m in Sources */,
				00075C721C85C34200D57E5F /* AppDelegate.m in Sources */,
				00075C6F1C85C34200D57E5F /* main.m in Sources */,
			);
			runOnlyForDeploymentPostprocessing = 0;
		};
		00075C7F1C85C34200D57E5F /* Sources */ = {
			isa = PBXSourcesBuildPhase;
			buildActionMask = 2147483647;
			files = (
				00075C881C85C34200D57E5F /* SourceKitSampleTests.m in Sources */,
			);
			runOnlyForDeploymentPostprocessing = 0;
		};
		00075C8A1C85C34200D57E5F /* Sources */ = {
			isa = PBXSourcesBuildPhase;
			buildActionMask = 2147483647;
			files = (
				00075C931C85C34300D57E5F /* SourceKitSampleUITests.m in Sources */,
			);
			runOnlyForDeploymentPostprocessing = 0;
		};
/* End PBXSourcesBuildPhase section */

/* Begin PBXTargetDependency section */
		00075C851C85C34200D57E5F /* PBXTargetDependency */ = {
			isa = PBXTargetDependency;
			target = 00075C691C85C34200D57E5F /* SourceKitSample */;
			targetProxy = 00075C841C85C34200D57E5F /* PBXContainerItemProxy */;
		};
		00075C901C85C34200D57E5F /* PBXTargetDependency */ = {
			isa = PBXTargetDependency;
			target = 00075C691C85C34200D57E5F /* SourceKitSample */;
			targetProxy = 00075C8F1C85C34200D57E5F /* PBXContainerItemProxy */;
		};
/* End PBXTargetDependency section */

/* Begin PBXVariantGroup section */
		00075C761C85C34200D57E5F /* Main.storyboard */ = {
			isa = PBXVariantGroup;
			children = (
				00075C771C85C34200D57E5F /* Base */,
			);
			name = Main.storyboard;
			sourceTree = "<group>";
		};
		00075C7B1C85C34200D57E5F /* LaunchScreen.storyboard */ = {
			isa = PBXVariantGroup;
			children = (
				00075C7C1C85C34200D57E5F /* Base */,
			);
			name = LaunchScreen.storyboard;
			sourceTree = "<group>";
		};
/* End PBXVariantGroup section */

/* Begin XCBuildConfiguration section */
		00075C951C85C34300D57E5F /* Debug */ = {
			isa = XCBuildConfiguration;
			buildSettings = {
				ALWAYS_SEARCH_USER_PATHS = NO;
				CLANG_CXX_LANGUAGE_STANDARD = "gnu++0x";
				CLANG_CXX_LIBRARY = "libc++";
				CLANG_ENABLE_MODULES = YES;
				CLANG_ENABLE_OBJC_ARC = YES;
				CLANG_WARN_BOOL_CONVERSION = YES;
				CLANG_WARN_CONSTANT_CONVERSION = YES;
				CLANG_WARN_DIRECT_OBJC_ISA_USAGE = YES_ERROR;
				CLANG_WARN_EMPTY_BODY = YES;
				CLANG_WARN_ENUM_CONVERSION = YES;
				CLANG_WARN_INT_CONVERSION = YES;
				CLANG_WARN_OBJC_ROOT_CLASS = YES_ERROR;
				CLANG_WARN_UNREACHABLE_CODE = YES;
				CLANG_WARN__DUPLICATE_METHOD_MATCH = YES;
				"CODE_SIGN_IDENTITY[sdk=iphoneos*]" = "iPhone Developer";
				COPY_PHASE_STRIP = NO;
				DEBUG_INFORMATION_FORMAT = dwarf;
				ENABLE_STRICT_OBJC_MSGSEND = YES;
				ENABLE_TESTABILITY = YES;
				GCC_C_LANGUAGE_STANDARD = gnu99;
				GCC_DYNAMIC_NO_PIC = NO;
				GCC_NO_COMMON_BLOCKS = YES;
				GCC_OPTIMIZATION_LEVEL = 0;
				GCC_PREPROCESSOR_DEFINITIONS = (
					"DEBUG=1",
					"$(inherited)",
				);
				GCC_WARN_64_TO_32_BIT_CONVERSION = YES;
				GCC_WARN_ABOUT_RETURN_TYPE = YES_ERROR;
				GCC_WARN_UNDECLARED_SELECTOR = YES;
				GCC_WARN_UNINITIALIZED_AUTOS = YES_AGGRESSIVE;
				GCC_WARN_UNUSED_FUNCTION = YES;
				GCC_WARN_UNUSED_VARIABLE = YES;
				IPHONEOS_DEPLOYMENT_TARGET = 9.2;
				MTL_ENABLE_DEBUG_INFO = YES;
				ONLY_ACTIVE_ARCH = YES;
				SDKROOT = iphoneos;
				TARGETED_DEVICE_FAMILY = "1,2";
			};
			name = Debug;
		};
		00075C961C85C34300D57E5F /* Release */ = {
			isa = XCBuildConfiguration;
			buildSettings = {
				ALWAYS_SEARCH_USER_PATHS = NO;
				CLANG_CXX_LANGUAGE_STANDARD = "gnu++0x";
				CLANG_CXX_LIBRARY = "libc++";
				CLANG_ENABLE_MODULES = YES;
				CLANG_ENABLE_OBJC_ARC = YES;
				CLANG_WARN_BOOL_CONVERSION = YES;
				CLANG_WARN_CONSTANT_CONVERSION = YES;
				CLANG_WARN_DIRECT_OBJC_ISA_USAGE = YES_ERROR;
				CLANG_WARN_EMPTY_BODY = YES;
				CLANG_WARN_ENUM_CONVERSION = YES;
				CLANG_WARN_INT_CONVERSION = YES;
				CLANG_WARN_OBJC_ROOT_CLASS = YES_ERROR;
				CLANG_WARN_UNREACHABLE_CODE = YES;
				CLANG_WARN__DUPLICATE_METHOD_MATCH = YES;
				"CODE_SIGN_IDENTITY[sdk=iphoneos*]" = "iPhone Developer";
				COPY_PHASE_STRIP = NO;
				DEBUG_INFORMATION_FORMAT = "dwarf-with-dsym";
				ENABLE_NS_ASSERTIONS = NO;
				ENABLE_STRICT_OBJC_MSGSEND = YES;
				GCC_C_LANGUAGE_STANDARD = gnu99;
				GCC_NO_COMMON_BLOCKS = YES;
				GCC_WARN_64_TO_32_BIT_CONVERSION = YES;
				GCC_WARN_ABOUT_RETURN_TYPE = YES_ERROR;
				GCC_WARN_UNDECLARED_SELECTOR = YES;
				GCC_WARN_UNINITIALIZED_AUTOS = YES_AGGRESSIVE;
				GCC_WARN_UNUSED_FUNCTION = YES;
				GCC_WARN_UNUSED_VARIABLE = YES;
				IPHONEOS_DEPLOYMENT_TARGET = 9.2;
				MTL_ENABLE_DEBUG_INFO = NO;
				SDKROOT = iphoneos;
				TARGETED_DEVICE_FAMILY = "1,2";
				VALIDATE_PRODUCT = YES;
			};
			name = Release;
		};
		00075C981C85C34300D57E5F /* Debug */ = {
			isa = XCBuildConfiguration;
			buildSettings = {
				ASSETCATALOG_COMPILER_APPICON_NAME = AppIcon;
				FRAMEWORK_SEARCH_PATHS = "\"../../SourceKit/Frameworks\"";
				INFOPLIST_FILE = SourceKitSample/Info.plist;
				LD_RUNPATH_SEARCH_PATHS = "$(inherited) @executable_path/Frameworks";
				PRODUCT_BUNDLE_IDENTIFIER = HI.SourceKitSample;
				PRODUCT_NAME = "Source Kit";
			};
			name = Debug;
		};
		00075C991C85C34300D57E5F /* Release */ = {
			isa = XCBuildConfiguration;
			buildSettings = {
				ASSETCATALOG_COMPILER_APPICON_NAME = AppIcon;
				FRAMEWORK_SEARCH_PATHS = "\"../../SourceKit/Frameworks\"";
				INFOPLIST_FILE = SourceKitSample/Info.plist;
				LD_RUNPATH_SEARCH_PATHS = "$(inherited) @executable_path/Frameworks";
				PRODUCT_BUNDLE_IDENTIFIER = HI.SourceKitSample;
				PRODUCT_NAME = "Source Kit";
			};
			name = Release;
		};
		00075C9B1C85C34300D57E5F /* Debug */ = {
			isa = XCBuildConfiguration;
			buildSettings = {
				BUNDLE_LOADER = "$(TEST_HOST)";
				INFOPLIST_FILE = SourceKitSampleTests/Info.plist;
				LD_RUNPATH_SEARCH_PATHS = "$(inherited) @executable_path/Frameworks @loader_path/Frameworks";
				PRODUCT_BUNDLE_IDENTIFIER = HI.SourceKitSampleTests;
				PRODUCT_NAME = "$(TARGET_NAME)";
				TEST_HOST = "$(BUILT_PRODUCTS_DIR)/SourceKitSample.app/SourceKitSample";
			};
			name = Debug;
		};
		00075C9C1C85C34300D57E5F /* Release */ = {
			isa = XCBuildConfiguration;
			buildSettings = {
				BUNDLE_LOADER = "$(TEST_HOST)";
				INFOPLIST_FILE = SourceKitSampleTests/Info.plist;
				LD_RUNPATH_SEARCH_PATHS = "$(inherited) @executable_path/Frameworks @loader_path/Frameworks";
				PRODUCT_BUNDLE_IDENTIFIER = HI.SourceKitSampleTests;
				PRODUCT_NAME = "$(TARGET_NAME)";
				TEST_HOST = "$(BUILT_PRODUCTS_DIR)/SourceKitSample.app/SourceKitSample";
			};
			name = Release;
		};
		00075C9E1C85C34300D57E5F /* Debug */ = {
			isa = XCBuildConfiguration;
			buildSettings = {
				INFOPLIST_FILE = SourceKitSampleUITests/Info.plist;
				LD_RUNPATH_SEARCH_PATHS = "$(inherited) @executable_path/Frameworks @loader_path/Frameworks";
				PRODUCT_BUNDLE_IDENTIFIER = HI.SourceKitSampleUITests;
				PRODUCT_NAME = "$(TARGET_NAME)";
				TEST_TARGET_NAME = SourceKitSample;
				USES_XCTRUNNER = YES;
			};
			name = Debug;
		};
		00075C9F1C85C34300D57E5F /* Release */ = {
			isa = XCBuildConfiguration;
			buildSettings = {
				INFOPLIST_FILE = SourceKitSampleUITests/Info.plist;
				LD_RUNPATH_SEARCH_PATHS = "$(inherited) @executable_path/Frameworks @loader_path/Frameworks";
				PRODUCT_BUNDLE_IDENTIFIER = HI.SourceKitSampleUITests;
				PRODUCT_NAME = "$(TARGET_NAME)";
				TEST_TARGET_NAME = SourceKitSample;
				USES_XCTRUNNER = YES;
			};
			name = Release;
		};
/* End XCBuildConfiguration section */

/* Begin XCConfigurationList section */
		00075C651C85C34200D57E5F /* Build configuration list for PBXProject "SourceKitSample" */ = {
			isa = XCConfigurationList;
			buildConfigurations = (
				00075C951C85C34300D57E5F /* Debug */,
				00075C961C85C34300D57E5F /* Release */,
			);
			defaultConfigurationIsVisible = 0;
			defaultConfigurationName = Release;
		};
		00075C971C85C34300D57E5F /* Build configuration list for PBXNativeTarget "SourceKitSample" */ = {
			isa = XCConfigurationList;
			buildConfigurations = (
				00075C981C85C34300D57E5F /* Debug */,
				00075C991C85C34300D57E5F /* Release */,
			);
			defaultConfigurationIsVisible = 0;
			defaultConfigurationName = Release;
		};
		00075C9A1C85C34300D57E5F /* Build configuration list for PBXNativeTarget "SourceKitSampleTests" */ = {
			isa = XCConfigurationList;
			buildConfigurations = (
				00075C9B1C85C34300D57E5F /* Debug */,
				00075C9C1C85C34300D57E5F /* Release */,
			);
			defaultConfigurationIsVisible = 0;
			defaultConfigurationName = Release;
		};
		00075C9D1C85C34300D57E5F /* Build configuration list for PBXNativeTarget "SourceKitSampleUITests" */ = {
			isa = XCConfigurationList;
			buildConfigurations = (
				00075C9E1C85C34300D57E5F /* Debug */,
				00075C9F1C85C34300D57E5F /* Release */,
			);
			defaultConfigurationIsVisible = 0;
			defaultConfigurationName = Release;
		};
/* End XCConfigurationList section */
	};
	rootObject = 00075C621C85C34200D57E5F /* Project object */;
}
